
Microsoft Visual Studio Solution File, Format Version 12.00
# Visual Studio Version 17
VisualStudioVersion = 17.4.33103.184
MinimumVisualStudioVersion = 10.0.40219.1
Project("{9A19103F-16F7-4668-BE54-9A1E7A4F7556}") = "GalaxyGen", "GalaxyGen.csproj", "{72D8F1D5-D690-419D-8079-E239742E0C55}"
	ProjectSection(ProjectDependencies) = postProject
		{8A9E2270-91F1-4630-B572-C0E2E0133642} = {8A9E2270-91F1-4630-B572-C0E2E0133642}
	EndProjectSection
EndProject
Project("{FAE04EC0-301F-11D3-BF4B-00C04F79EFBC}") = "GalaxyGenTests", "..\GalaxyGenTests\GalaxyGenTests.csproj", "{E4290B94-4FAB-4D76-9D5A-487D9992CAF3}"
EndProject
Project("{9A19103F-16F7-4668-BE54-9A1E7A4F7556}") = "GalaxyGenEngine", "..\GalaxyGenEngine\GalaxyGenEngine.csproj", "{3A77044D-AF51-4C28-AD43-B33D77F648E2}"
EndProject
Project("{9A19103F-16F7-4668-BE54-9A1E7A4F7556}") = "GalaxyGenCore", "..\GalaxyGenCore\GalaxyGenCore.csproj", "{8A9E2270-91F1-4630-B572-C0E2E0133642}"
EndProject
Project("{9A19103F-16F7-4668-BE54-9A1E7A4F7556}") = "GalaxyGenCreator", "..\GalaxyGenCreator\GalaxyGenCreator.csproj", "{A0D548F5-CF90-492B-B3F6-DBAAA53AD498}"
EndProject
Global
	GlobalSection(SolutionConfigurationPlatforms) = preSolution
		Debug|Any CPU = Debug|Any CPU
		Debug|x64 = Debug|x64
		Release|Any CPU = Release|Any CPU
		Release|x64 = Release|x64
	EndGlobalSection
	GlobalSection(ProjectConfigurationPlatforms) = postSolution
		{72D8F1D5-D690-419D-8079-E239742E0C55}.Debug|Any CPU.ActiveCfg = Debug|Any CPU
		{72D8F1D5-D690-419D-8079-E239742E0C55}.Debug|Any CPU.Build.0 = Debug|Any CPU
		{72D8F1D5-D690-419D-8079-E239742E0C55}.Debug|x64.ActiveCfg = Debug|Any CPU
		{72D8F1D5-D690-419D-8079-E239742E0C55}.Debug|x64.Build.0 = Debug|Any CPU
		{72D8F1D5-D690-419D-8079-E239742E0C55}.Release|Any CPU.ActiveCfg = Release|Any CPU
		{72D8F1D5-D690-419D-8079-E239742E0C55}.Release|Any CPU.Build.0 = Release|Any CPU
		{72D8F1D5-D690-419D-8079-E239742E0C55}.Release|x64.ActiveCfg = Release|x64
		{72D8F1D5-D690-419D-8079-E239742E0C55}.Release|x64.Build.0 = Release|x64
		{E4290B94-4FAB-4D76-9D5A-487D9992CAF3}.Debug|Any CPU.ActiveCfg = Debug|Any CPU
		{E4290B94-4FAB-4D76-9D5A-487D9992CAF3}.Debug|Any CPU.Build.0 = Debug|Any CPU
		{E4290B94-4FAB-4D76-9D5A-487D9992CAF3}.Debug|x64.ActiveCfg = Debug|x64
		{E4290B94-4FAB-4D76-9D5A-487D9992CAF3}.Debug|x64.Build.0 = Debug|x64
		{E4290B94-4FAB-4D76-9D5A-487D9992CAF3}.Release|Any CPU.ActiveCfg = Release|Any CPU
		{E4290B94-4FAB-4D76-9D5A-487D9992CAF3}.Release|Any CPU.Build.0 = Release|Any CPU
		{E4290B94-4FAB-4D76-9D5A-487D9992CAF3}.Release|x64.ActiveCfg = Release|x64
		{E4290B94-4FAB-4D76-9D5A-487D9992CAF3}.Release|x64.Build.0 = Release|x64
		{3A77044D-AF51-4C28-AD43-B33D77F648E2}.Debug|Any CPU.ActiveCfg = Debug|Any CPU
		{3A77044D-AF51-4C28-AD43-B33D77F648E2}.Debug|Any CPU.Build.0 = Debug|Any CPU
		{3A77044D-AF51-4C28-AD43-B33D77F648E2}.Debug|x64.ActiveCfg = Debug|x64
		{3A77044D-AF51-4C28-AD43-B33D77F648E2}.Debug|x64.Build.0 = Debug|x64
		{3A77044D-AF51-4C28-AD43-B33D77F648E2}.Release|Any CPU.ActiveCfg = Release|Any CPU
		{3A77044D-AF51-4C28-AD43-B33D77F648E2}.Release|Any CPU.Build.0 = Release|Any CPU
		{3A77044D-AF51-4C28-AD43-B33D77F648E2}.Release|x64.ActiveCfg = Release|x64
		{3A77044D-AF51-4C28-AD43-B33D77F648E2}.Release|x64.Build.0 = Release|x64
		{8A9E2270-91F1-4630-B572-C0E2E0133642}.Debug|Any CPU.ActiveCfg = Debug|Any CPU
		{8A9E2270-91F1-4630-B572-C0E2E0133642}.Debug|Any CPU.Build.0 = Debug|Any CPU
		{8A9E2270-91F1-4630-B572-C0E2E0133642}.Debug|x64.ActiveCfg = Debug|x64
		{8A9E2270-91F1-4630-B572-C0E2E0133642}.Debug|x64.Build.0 = Debug|x64
		{8A9E2270-91F1-4630-B572-C0E2E0133642}.Release|Any CPU.ActiveCfg = Release|Any CPU
		{8A9E2270-91F1-4630-B572-C0E2E0133642}.Release|Any CPU.Build.0 = Release|Any CPU
		{8A9E2270-91F1-4630-B572-C0E2E0133642}.Release|x64.ActiveCfg = Release|x64
		{8A9E2270-91F1-4630-B572-C0E2E0133642}.Release|x64.Build.0 = Release|x64
		{A0D548F5-CF90-492B-B3F6-DBAAA53AD498}.Debug|Any CPU.ActiveCfg = Debug|Any CPU
		{A0D548F5-CF90-492B-B3F6-DBAAA53AD498}.Debug|Any CPU.Build.0 = Debug|Any CPU
		{A0D548F5-CF90-492B-B3F6-DBAAA53AD498}.Debug|x64.ActiveCfg = Debug|x64
		{A0D548F5-CF90-492B-B3F6-DBAAA53AD498}.Debug|x64.Build.0 = Debug|x64
		{A0D548F5-CF90-492B-B3F6-DBAAA53AD498}.Release|Any CPU.ActiveCfg = Release|Any CPU
		{A0D548F5-CF90-492B-B3F6-DBAAA53AD498}.Release|Any CPU.Build.0 = Release|Any CPU
		{A0D548F5-CF90-492B-B3F6-DBAAA53AD498}.Release|x64.ActiveCfg = Release|x64
		{A0D548F5-CF90-492B-B3F6-DBAAA53AD498}.Release|x64.Build.0 = Release|x64
	EndGlobalSection
	GlobalSection(SolutionProperties) = preSolution
		HideSolutionNode = FALSE
	EndGlobalSection
	GlobalSection(ExtensibilityGlobals) = postSolution
		SolutionGuid = {2C39CE88-EF54-43EA-B499-EA3B542CAC9E}
	EndGlobalSection
EndGlobal
